hash: d578ec3076c411281bb5de97d3e690f54f0361f40b0cbbb29a8e1a1e23313303
updated: 2017-06-12T14:23:55.368470599+01:00
imports:
- name: github.com/cubex/cubeutil-go
  version: 1c6c49c2c91d3eb05a6ae48f8886c6d61a01d426
- name: github.com/cubex/portcullis-go
  version: 91e0fb9b734ef1790e898493503c8e0fd91555f6
  subpackages:
  - keys
- name: github.com/golang/protobuf
  version: 5a0f697c9ed9d68fef0116532c6e05cfeae00e55
  subpackages:
  - proto
  - ptypes/any
- name: github.com/kubex/proto-go
  version: 01f254d6d3a5819683e3266cb2f576b1435d2b16
  subpackages:
  - application
  - discovery
  - socket
- name: github.com/satori/go.uuid
  version: 879c5887cd475cd7864858769793b2ceb0d44feb
- name: go.uber.org/atomic
  version: 4e336646b2ef9fc6e47be8e21594178f98e5ebcf
- name: go.uber.org/zap
  version: 9cabc84638b70e564c3dab2766efcb1ded2aac9f
  subpackages:
  - buffer
  - internal/bufferpool
  - internal/color
  - internal/exit
  - internal/multierror
  - zapcore
- name: golang.org/x/net
  version: 1a68b1313cf4ad7778376e82641197b60c02f65c
  subpackages:
  - context
  - http2
  - http2/hpack
  - idna
  - internal/timeseries
  - lex/httplex
  - trace
- name: golang.org/x/text
  version: 210eee5cf7323015d097341bcf7166130d001cd8
  subpackages:
  - secure/bidirule
  - transform
  - unicode/bidi
  - unicode/norm
- name: google.golang.org/genproto
  version: aa2eb687b4d3e17154372564ad8d6bf11c3cf21f
  subpackages:
  - googleapis/rpc/status
- name: google.golang.org/grpc
  version: d8960bd63c6743defa6d54926e5edfa8e4a28e43
  subpackages:
  - codes
  - credentials
  - grpclb/grpc_lb_v1
  - grpclog
  - internal
  - keepalive
  - metadata
  - naming
  - peer
  - stats
  - status
  - tap
  - transport
- name: gopkg.in/yaml.v2
  version: cd8b52f8269e0feb286dfeef29f8fe4d5b397e0b
testImports: []
