hash: 1f7495f503f50a8ac2e157476a8db44e4dadda39ecc34a2531964c07e728472f
updated: 2017-04-11T15:23:23.099753391+01:00
imports:
- name: github.com/opentracing/opentracing-go
  version: 6edb48674bd9467b8e91fda004f2bd7202d60ce4
  subpackages:
  - log
- name: go.uber.org/atomic
  version: 3b8db5e93c4c02efbc313e17b2e796b0914a01fb
- name: go.uber.org/zap
  version: a2773be06b9ac7c318a3a105b5c310af5730c6b4
  subpackages:
  - buffer
  - internal/bufferpool
  - internal/color
  - internal/exit
  - internal/multierror
  - zapcore
- name: golang.org/x/net
  version: d1e1b351919c6738fdeb9893d5c998b161464f0c
  subpackages:
  - context
testImports: []
